
Microsoft Visual Studio Solution File, Format Version 12.00
# Visual Studio Version 17
VisualStudioVersion = 17.10.35122.118
MinimumVisualStudioVersion = 10.0.40219.1
Project("{9A19103F-16F7-4668-BE54-9A1E7A4F7556}") = "HospitalSystem.PLL", "HospitalSystem.PLL\HospitalSystem.PLL.csproj", "{ADD48B4C-9737-4E7B-B0B2-2BE6A27837A7}"
EndProject
Project("{9A19103F-16F7-4668-BE54-9A1E7A4F7556}") = "HospitalSystem.DAL", "HospitalSystem.DAL\HospitalSystem.DAL.csproj", "{F52E0988-41FB-49BA-BF51-25A27EA1966A}"
EndProject
Project("{9A19103F-16F7-4668-BE54-9A1E7A4F7556}") = "HospitalSystem.BLL", "HospitalSystem.BLL\HospitalSystem.BLL.csproj", "{92A3DA82-C9D3-4F68-9441-27B3442FB4CE}"
EndProject
Global
	GlobalSection(SolutionConfigurationPlatforms) = preSolution
		Debug|Any CPU = Debug|Any CPU
		Release|Any CPU = Release|Any CPU
	EndGlobalSection
	GlobalSection(ProjectConfigurationPlatforms) = postSolution
		{ADD48B4C-9737-4E7B-B0B2-2BE6A27837A7}.Debug|Any CPU.ActiveCfg = Debug|Any CPU
		{ADD48B4C-9737-4E7B-B0B2-2BE6A27837A7}.Debug|Any CPU.Build.0 = Debug|Any CPU
		{ADD48B4C-9737-4E7B-B0B2-2BE6A27837A7}.Release|Any CPU.ActiveCfg = Release|Any CPU
		{ADD48B4C-9737-4E7B-B0B2-2BE6A27837A7}.Release|Any CPU.Build.0 = Release|Any CPU
		{F52E0988-41FB-49BA-BF51-25A27EA1966A}.Debug|Any CPU.ActiveCfg = Debug|Any CPU
		{F52E0988-41FB-49BA-BF51-25A27EA1966A}.Debug|Any CPU.Build.0 = Debug|Any CPU
		{F52E0988-41FB-49BA-BF51-25A27EA1966A}.Release|Any CPU.ActiveCfg = Release|Any CPU
		{F52E0988-41FB-49BA-BF51-25A27EA1966A}.Release|Any CPU.Build.0 = Release|Any CPU
		{92A3DA82-C9D3-4F68-9441-27B3442FB4CE}.Debug|Any CPU.ActiveCfg = Debug|Any CPU
		{92A3DA82-C9D3-4F68-9441-27B3442FB4CE}.Debug|Any CPU.Build.0 = Debug|Any CPU
		{92A3DA82-C9D3-4F68-9441-27B3442FB4CE}.Release|Any CPU.ActiveCfg = Release|Any CPU
		{92A3DA82-C9D3-4F68-9441-27B3442FB4CE}.Release|Any CPU.Build.0 = Release|Any CPU
	EndGlobalSection
	GlobalSection(SolutionProperties) = preSolution
		HideSolutionNode = FALSE
	EndGlobalSection
	GlobalSection(ExtensibilityGlobals) = postSolution
		SolutionGuid = {03EC1C18-50F3-412A-AF0A-27C6A9C7AECE}
	EndGlobalSection
EndGlobal
